---
path: ".gem_rbs_collection"
gems:
- name: activemodel
  version: '7.0'
  source:
    type: git
    name: ruby/gem_rbs_collection
    revision: c34ed02f870fb02571f664062eb13ef507702029
    remote: https://github.com/ruby/gem_rbs_collection.git
    repo_dir: gems
- name: activerecord
  version: '7.1'
  source:
    type: git
    name: ruby/gem_rbs_collection
    revision: c34ed02f870fb02571f664062eb13ef507702029
    remote: https://github.com/ruby/gem_rbs_collection.git
    repo_dir: gems
- name: activesupport
  version: '7.0'
  source:
    type: git
    name: ruby/gem_rbs_collection
    revision: c34ed02f870fb02571f664062eb13ef507702029
    remote: https://github.com/ruby/gem_rbs_collection.git
    repo_dir: gems
- name: base64
  version: '0'
  source:
    type: stdlib
- name: bigdecimal
  version: '0'
  source:
    type: stdlib
- name: concurrent-ruby
  version: '1.1'
  source:
    type: git
    name: ruby/gem_rbs_collection
    revision: c34ed02f870fb02571f664062eb13ef507702029
    remote: https://github.com/ruby/gem_rbs_collection.git
    repo_dir: gems
- name: connection_pool
  version: '2.4'
  source:
    type: git
    name: ruby/gem_rbs_collection
    revision: c34ed02f870fb02571f664062eb13ef507702029
    remote: https://github.com/ruby/gem_rbs_collection.git
    repo_dir: gems
- name: date
  version: '0'
  source:
    type: stdlib
- name: erb
  version: '0'
  source:
    type: stdlib
- name: i18n
  version: '1.10'
  source:
    type: git
    name: ruby/gem_rbs_collection
    revision: c34ed02f870fb02571f664062eb13ef507702029
    remote: https://github.com/ruby/gem_rbs_collection.git
    repo_dir: gems
- name: logger
  version: '0'
  source:
    type: stdlib
- name: minitest
  version: '0'
  source:
    type: stdlib
- name: monitor
  version: '0'
  source:
    type: stdlib
- name: mutex_m
  version: '0'
  source:
    type: stdlib
- name: securerandom
  version: '0'
  source:
    type: stdlib
- name: singleton
  version: '0'
  source:
    type: stdlib
- name: time
  version: '0'
  source:
    type: stdlib
- name: timeout
  version: '0'
  source:
    type: stdlib
- name: tzinfo
  version: '2.0'
  source:
    type: git
    name: ruby/gem_rbs_collection
    revision: c34ed02f870fb02571f664062eb13ef507702029
    remote: https://github.com/ruby/gem_rbs_collection.git
    repo_dir: gems
gemfile_lock_path: Gemfile.lock
